
Microsoft Visual Studio Solution File, Format Version 12.00
# Visual Studio Version 17
VisualStudioVersion = 17.6.33829.357
MinimumVisualStudioVersion = 10.0.40219.1
Project("{FAE04EC0-301F-11D3-BF4B-00C04F79EFBC}") = "BenchM1", "BenchM1.csproj", "{4E5EC067-39C5-49D5-8E15-BEC63A03F19C}"
EndProject
Global
	GlobalSection(SolutionConfigurationPlatforms) = preSolution
		Debug|Any CPU = Debug|Any CPU
		Release|Any CPU = Release|Any CPU
	EndGlobalSection
	GlobalSection(ProjectConfigurationPlatforms) = postSolution
		{4E5EC067-39C5-49D5-8E15-BEC63A03F19C}.Debug|Any CPU.ActiveCfg = Debug|Any CPU
		{4E5EC067-39C5-49D5-8E15-BEC63A03F19C}.Debug|Any CPU.Build.0 = Debug|Any CPU
		{4E5EC067-39C5-49D5-8E15-BEC63A03F19C}.Release|Any CPU.ActiveCfg = Release|Any CPU
		{4E5EC067-39C5-49D5-8E15-BEC63A03F19C}.Release|Any CPU.Build.0 = Release|Any CPU
	EndGlobalSection
	GlobalSection(SolutionProperties) = preSolution
		HideSolutionNode = FALSE
	EndGlobalSection
	GlobalSection(ExtensibilityGlobals) = postSolution
		SolutionGuid = {3338FE34-37C9-446D-A835-298A4C76BBF2}
	EndGlobalSection
EndGlobal
